
Microsoft Visual Studio Solution File, Format Version 12.00
# Visual Studio Version 17
VisualStudioVersion = 17.14.37216.2 d17.14
MinimumVisualStudioVersion = 10.0.40219.1
Project("{FAE04EC0-301F-11D3-BF4B-00C04F79EFBC}") = "ez a dolog jo dolog", "ez a dolog jo dolog\ez a dolog jo dolog.csproj", "{926828BF-FD55-47E9-91F2-3DF863222FAB}"
EndProject
Global
	GlobalSection(SolutionConfigurationPlatforms) = preSolution
		Debug|Any CPU = Debug|Any CPU
		Release|Any CPU = Release|Any CPU
	EndGlobalSection
	GlobalSection(ProjectConfigurationPlatforms) = postSolution
		{926828BF-FD55-47E9-91F2-3DF863222FAB}.Debug|Any CPU.ActiveCfg = Debug|Any CPU
		{926828BF-FD55-47E9-91F2-3DF863222FAB}.Debug|Any CPU.Build.0 = Debug|Any CPU
		{926828BF-FD55-47E9-91F2-3DF863222FAB}.Release|Any CPU.ActiveCfg = Release|Any CPU
		{926828BF-FD55-47E9-91F2-3DF863222FAB}.Release|Any CPU.Build.0 = Release|Any CPU
	EndGlobalSection
	GlobalSection(SolutionProperties) = preSolution
		HideSolutionNode = FALSE
	EndGlobalSection
	GlobalSection(ExtensibilityGlobals) = postSolution
		SolutionGuid = {E94D42A5-F4FF-4289-B466-5D7A7D1EE11B}
	EndGlobalSection
EndGlobal
